
Microsoft Visual Studio Solution File, Format Version 12.00
# Visual Studio Version 16
VisualStudioVersion = 16.0.28803.452
MinimumVisualStudioVersion = 10.0.40219.1
Project("{FAE04EC0-301F-11D3-BF4B-00C04F79EFBC}") = "Lanchonete.Web", "Lanchonete.Web\Lanchonete.Web.csproj", "{3DF52A3B-4F28-4C8A-9560-6FA01D0940B7}"
EndProject
Global
	GlobalSection(SolutionConfigurationPlatforms) = preSolution
		Debug|Any CPU = Debug|Any CPU
		Release|Any CPU = Release|Any CPU
	EndGlobalSection
	GlobalSection(ProjectConfigurationPlatforms) = postSolution
		{3DF52A3B-4F28-4C8A-9560-6FA01D0940B7}.Debug|Any CPU.ActiveCfg = Debug|Any CPU
		{3DF52A3B-4F28-4C8A-9560-6FA01D0940B7}.Debug|Any CPU.Build.0 = Debug|Any CPU
		{3DF52A3B-4F28-4C8A-9560-6FA01D0940B7}.Release|Any CPU.ActiveCfg = Release|Any CPU
		{3DF52A3B-4F28-4C8A-9560-6FA01D0940B7}.Release|Any CPU.Build.0 = Release|Any CPU
	EndGlobalSection
	GlobalSection(SolutionProperties) = preSolution
		HideSolutionNode = FALSE
	EndGlobalSection
	GlobalSection(ExtensibilityGlobals) = postSolution
		SolutionGuid = {1D845048-E074-4FF6-8E35-C2336F97943D}
	EndGlobalSection
EndGlobal
